// !$*UTF8*$!
{
	archiveVersion = 1;
	classes = {
	};
	objectVersion = 55;
	objects = {

/* Begin PBXBuildFile section */
		A9D423C629DECBE300810A6A /* CaloriesAppApp.swift in Sources */ = {isa = PBXBuildFile; fileRef = A9D423C529DECBE300810A6A /* CaloriesAppApp.swift */; };
		A9D423C829DECBE300810A6A /* ContentView.swift in Sources */ = {isa = PBXBuildFile; fileRef = A9D423C729DECBE300810A6A /* ContentView.swift */; };
		A9D423CA29DECBE400810A6A /* Assets.xcassets in Resources */ = {isa = PBXBuildFile; fileRef = A9D423C929DECBE400810A6A /* Assets.xcassets */; };
		A9D423CD29DECBE400810A6A /* Preview Assets.xcassets in Resources */ = {isa = PBXBuildFile; fileRef = A9D423CC29DECBE400810A6A /* Preview Assets.xcassets */; };
		A9D423D229DECBE400810A6A /* CaloriesApp.xcdatamodeld in Sources */ = {isa = PBXBuildFile; fileRef = A9D423D029DECBE400810A6A /* CaloriesApp.xcdatamodeld */; };
		A9D423DC29DECBE400810A6A /* CaloriesAppTests.swift in Sources */ = {isa = PBXBuildFile; fileRef = A9D423DB29DECBE400810A6A /* CaloriesAppTests.swift */; };
		A9D423E629DECBE400810A6A /* CaloriesAppUITests.swift in Sources */ = {isa = PBXBuildFile; fileRef = A9D423E529DECBE400810A6A /* CaloriesAppUITests.swift */; };
		A9D423E829DECBE400810A6A /* CaloriesAppUITestsLaunchTests.swift in Sources */ = {isa = PBXBuildFile; fileRef = A9D423E729DECBE400810A6A /* CaloriesAppUITestsLaunchTests.swift */; };
		A9D423F529DED0DB00810A6A /* CaloriesDataModel.swift in Sources */ = {isa = PBXBuildFile; fileRef = A9D423F429DED0DA00810A6A /* CaloriesDataModel.swift */; };
		A9D423F729DEE0DA00810A6A /* RingView.swift in Sources */ = {isa = PBXBuildFile; fileRef = A9D423F629DEE0DA00810A6A /* RingView.swift */; };
		A9D423F929DF091C00810A6A /* TabView.swift in Sources */ = {isa = PBXBuildFile; fileRef = A9D423F829DF091C00810A6A /* TabView.swift */; };
		A9D423FB29DF15D300810A6A /* FoodCard.swift in Sources */ = {isa = PBXBuildFile; fileRef = A9D423FA29DF15D300810A6A /* FoodCard.swift */; };
		A9D423FD29DF1F4600810A6A /* WaterView.swift in Sources */ = {isa = PBXBuildFile; fileRef = A9D423FC29DF1F4600810A6A /* WaterView.swift */; };
		A9D423FF29DF261400810A6A /* AddView.swift in Sources */ = {isa = PBXBuildFile; fileRef = A9D423FE29DF261400810A6A /* AddView.swift */; };
/* End PBXBuildFile section */

/* Begin PBXContainerItemProxy section */
		A9D423D829DECBE400810A6A /* PBXContainerItemProxy */ = {
			isa = PBXContainerItemProxy;
			containerPortal = A9D423BA29DECBE300810A6A /* Project object */;
			proxyType = 1;
			remoteGlobalIDString = A9D423C129DECBE300810A6A;
			remoteInfo = CaloriesApp;
		};
		A9D423E229DECBE400810A6A /* PBXContainerItemProxy */ = {
			isa = PBXContainerItemProxy;
			containerPortal = A9D423BA29DECBE300810A6A /* Project object */;
			proxyType = 1;
			remoteGlobalIDString = A9D423C129DECBE300810A6A;
			remoteInfo = CaloriesApp;
		};
/* End PBXContainerItemProxy section */

/* Begin PBXFileReference section */
		A9D423C229DECBE300810A6A /* CaloriesApp.app */ = {isa = PBXFileReference; explicitFileType = wrapper.application; includeInIndex = 0; path = CaloriesApp.app; sourceTree = BUILT_PRODUCTS_DIR; };
		A9D423C529DECBE300810A6A /* CaloriesAppApp.swift */ = {isa = PBXFileReference; lastKnownFileType = sourcecode.swift; path = CaloriesAppApp.swift; sourceTree = "<group>"; };
		A9D423C729DECBE300810A6A /* ContentView.swift */ = {isa = PBXFileReference; lastKnownFileType = sourcecode.swift; path = ContentView.swift; sourceTree = "<group>"; };
		A9D423C929DECBE400810A6A /* Assets.xcassets */ = {isa = PBXFileReference; lastKnownFileType = folder.assetcatalog; path = Assets.xcassets; sourceTree = "<group>"; };
		A9D423CC29DECBE400810A6A /* Preview Assets.xcassets */ = {isa = PBXFileReference; lastKnownFileType = folder.assetcatalog; path = "Preview Assets.xcassets"; sourceTree = "<group>"; };
		A9D423D129DECBE400810A6A /* CaloriesApp.xcdatamodel */ = {isa = PBXFileReference; lastKnownFileType = wrapper.xcdatamodel; path = CaloriesApp.xcdatamodel; sourceTree = "<group>"; };
		A9D423D729DECBE400810A6A /* CaloriesAppTests.xctest */ = {isa = PBXFileReference; explicitFileType = wrapper.cfbundle; includeInIndex = 0; path = CaloriesAppTests.xctest; sourceTree = BUILT_PRODUCTS_DIR; };
		A9D423DB29DECBE400810A6A /* CaloriesAppTests.swift */ = {isa = PBXFileReference; lastKnownFileType = sourcecode.swift; path = CaloriesAppTests.swift; sourceTree = "<group>"; };
		A9D423E129DECBE400810A6A /* CaloriesAppUITests.xctest */ = {isa = PBXFileReference; explicitFileType = wrapper.cfbundle; includeInIndex = 0; path = CaloriesAppUITests.xctest; sourceTree = BUILT_PRODUCTS_DIR; };
		A9D423E529DECBE400810A6A /* CaloriesAppUITests.swift */ = {isa = PBXFileReference; lastKnownFileType = sourcecode.swift; path = CaloriesAppUITests.swift; sourceTree = "<group>"; };
		A9D423E729DECBE400810A6A /* CaloriesAppUITestsLaunchTests.swift */ = {isa = PBXFileReference; lastKnownFileType = sourcecode.swift; path = CaloriesAppUITestsLaunchTests.swift; sourceTree = "<group>"; };
		A9D423F429DED0DA00810A6A /* CaloriesDataModel.swift */ = {isa = PBXFileReference; lastKnownFileType = sourcecode.swift; path = CaloriesDataModel.swift; sourceTree = "<group>"; };
		A9D423F629DEE0DA00810A6A /* RingView.swift */ = {isa = PBXFileReference; lastKnownFileType = sourcecode.swift; path = RingView.swift; sourceTree = "<group>"; };
		A9D423F829DF091C00810A6A /* TabView.swift */ = {isa = PBXFileReference; lastKnownFileType = sourcecode.swift; path = TabView.swift; sourceTree = "<group>"; };
		A9D423FA29DF15D300810A6A /* FoodCard.swift */ = {isa = PBXFileReference; lastKnownFileType = sourcecode.swift; path = FoodCard.swift; sourceTree = "<group>"; };
		A9D423FC29DF1F4600810A6A /* WaterView.swift */ = {isa = PBXFileReference; lastKnownFileType = sourcecode.swift; path = WaterView.swift; sourceTree = "<group>"; };
		A9D423FE29DF261400810A6A /* AddView.swift */ = {isa = PBXFileReference; lastKnownFileType = sourcecode.swift; path = AddView.swift; sourceTree = "<group>"; };
/* End PBXFileReference section */

/* Begin PBXFrameworksBuildPhase section */
		A9D423BF29DECBE300810A6A /* Frameworks */ = {
			isa = PBXFrameworksBuildPhase;
			buildActionMask = 2147483647;
			files = (
			);
			runOnlyForDeploymentPostprocessing = 0;
		};
		A9D423D429DECBE400810A6A /* Frameworks */ = {
			isa = PBXFrameworksBuildPhase;
			buildActionMask = 2147483647;
			files = (
			);
			runOnlyForDeploymentPostprocessing = 0;
		};
		A9D423DE29DECBE400810A6A /* Frameworks */ = {
			isa = PBXFrameworksBuildPhase;
			buildActionMask = 2147483647;
			files = (
			);
			runOnlyForDeploymentPostprocessing = 0;
		};
/* End PBXFrameworksBuildPhase section */

/* Begin PBXGroup section */
		A9D423B929DECBE300810A6A = {
			isa = PBXGroup;
			children = (
				A9D423C429DECBE300810A6A /* CaloriesApp */,
				A9D423DA29DECBE400810A6A /* CaloriesAppTests */,
				A9D423E429DECBE400810A6A /* CaloriesAppUITests */,
				A9D423C329DECBE300810A6A /* Products */,
			);
			sourceTree = "<group>";
		};
		A9D423C329DECBE300810A6A /* Products */ = {
			isa = PBXGroup;
			children = (
				A9D423C229DECBE300810A6A /* CaloriesApp.app */,
				A9D423D729DECBE400810A6A /* CaloriesAppTests.xctest */,
				A9D423E129DECBE400810A6A /* CaloriesAppUITests.xctest */,
			);
			name = Products;
			sourceTree = "<group>";
		};
		A9D423C429DECBE300810A6A /* CaloriesApp */ = {
			isa = PBXGroup;
			children = (
				A9D423C529DECBE300810A6A /* CaloriesAppApp.swift */,
				A9D423C729DECBE300810A6A /* ContentView.swift */,
				A9D423F629DEE0DA00810A6A /* RingView.swift */,
				A9D423FA29DF15D300810A6A /* FoodCard.swift */,
				A9D423FC29DF1F4600810A6A /* WaterView.swift */,
				A9D423F829DF091C00810A6A /* TabView.swift */,
				A9D423FE29DF261400810A6A /* AddView.swift */,
				A9D423C929DECBE400810A6A /* Assets.xcassets */,
				A9D423F429DED0DA00810A6A /* CaloriesDataModel.swift */,
				A9D423D029DECBE400810A6A /* CaloriesApp.xcdatamodeld */,
				A9D423CB29DECBE400810A6A /* Preview Content */,
			);
			path = CaloriesApp;
			sourceTree = "<group>";
		};
		A9D423CB29DECBE400810A6A /* Preview Content */ = {
			isa = PBXGroup;
			children = (
				A9D423CC29DECBE400810A6A /* Preview Assets.xcassets */,
			);
			path = "Preview Content";
			sourceTree = "<group>";
		};
		A9D423DA29DECBE400810A6A /* CaloriesAppTests */ = {
			isa = PBXGroup;
			children = (
				A9D423DB29DECBE400810A6A /* CaloriesAppTests.swift */,
			);
			path = CaloriesAppTests;
			sourceTree = "<group>";
		};
		A9D423E429DECBE400810A6A /* CaloriesAppUITests */ = {
			isa = PBXGroup;
			children = (
				A9D423E529DECBE400810A6A /* CaloriesAppUITests.swift */,
				A9D423E729DECBE400810A6A /* CaloriesAppUITestsLaunchTests.swift */,
			);
			path = CaloriesAppUITests;
			sourceTree = "<group>";
		};
/* End PBXGroup section */

/* Begin PBXNativeTarget section */
		A9D423C129DECBE300810A6A /* CaloriesApp */ = {
			isa = PBXNativeTarget;
			buildConfigurationList = A9D423EB29DECBE400810A6A /* Build configuration list for PBXNativeTarget "CaloriesApp" */;
			buildPhases = (
				A9D423BE29DECBE300810A6A /* Sources */,
				A9D423BF29DECBE300810A6A /* Frameworks */,
				A9D423C029DECBE300810A6A /* Resources */,
			);
			buildRules = (
			);
			dependencies = (
			);
			name = CaloriesApp;
			productName = CaloriesApp;
			productReference = A9D423C229DECBE300810A6A /* CaloriesApp.app */;
			productType = "com.apple.product-type.application";
		};
		A9D423D629DECBE400810A6A /* CaloriesAppTests */ = {
			isa = PBXNativeTarget;
			buildConfigurationList = A9D423EE29DECBE400810A6A /* Build configuration list for PBXNativeTarget "CaloriesAppTests" */;
			buildPhases = (
				A9D423D329DECBE400810A6A /* Sources */,
				A9D423D429DECBE400810A6A /* Frameworks */,
				A9D423D529DECBE400810A6A /* Resources */,
			);
			buildRules = (
			);
			dependencies = (
				A9D423D929DECBE400810A6A /* PBXTargetDependency */,
			);
			name = CaloriesAppTests;
			productName = CaloriesAppTests;
			productReference = A9D423D729DECBE400810A6A /* CaloriesAppTests.xctest */;
			productType = "com.apple.product-type.bundle.unit-test";
		};
		A9D423E029DECBE400810A6A /* CaloriesAppUITests */ = {
			isa = PBXNativeTarget;
			buildConfigurationList = A9D423F129DECBE400810A6A /* Build configuration list for PBXNativeTarget "CaloriesAppUITests" */;
			buildPhases = (
				A9D423DD29DECBE400810A6A /* Sources */,
				A9D423DE29DECBE400810A6A /* Frameworks */,
				A9D423DF29DECBE400810A6A /* Resources */,
			);
			buildRules = (
			);
			dependencies = (
				A9D423E329DECBE400810A6A /* PBXTargetDependency */,
			);
			name = CaloriesAppUITests;
			productName = CaloriesAppUITests;
			productReference = A9D423E129DECBE400810A6A /* CaloriesAppUITests.xctest */;
			productType = "com.apple.product-type.bundle.ui-testing";
		};
/* End PBXNativeTarget section */

/* Begin PBXProject section */
		A9D423BA29DECBE300810A6A /* Project object */ = {
			isa = PBXProject;
			attributes = {
				BuildIndependentTargetsInParallel = 1;
				LastSwiftUpdateCheck = 1340;
				LastUpgradeCheck = 1340;
				TargetAttributes = {
					A9D423C129DECBE300810A6A = {
						CreatedOnToolsVersion = 13.4.1;
					};
					A9D423D629DECBE400810A6A = {
						CreatedOnToolsVersion = 13.4.1;
						TestTargetID = A9D423C129DECBE300810A6A;
					};
					A9D423E029DECBE400810A6A = {
						CreatedOnToolsVersion = 13.4.1;
						TestTargetID = A9D423C129DECBE300810A6A;
					};
				};
			};
			buildConfigurationList = A9D423BD29DECBE300810A6A /* Build configuration list for PBXProject "CaloriesApp" */;
			compatibilityVersion = "Xcode 13.0";
			developmentRegion = en;
			hasScannedForEncodings = 0;
			knownRegions = (
				en,
				Base,
			);
			mainGroup = A9D423B929DECBE300810A6A;
			productRefGroup = A9D423C329DECBE300810A6A /* Products */;
			projectDirPath = "";
			projectRoot = "";
			targets = (
				A9D423C129DECBE300810A6A /* CaloriesApp */,
				A9D423D629DECBE400810A6A /* CaloriesAppTests */,
				A9D423E029DECBE400810A6A /* CaloriesAppUITests */,
			);
		};
/* End PBXProject section */

/* Begin PBXResourcesBuildPhase section */
		A9D423C029DECBE300810A6A /* Resources */ = {
			isa = PBXResourcesBuildPhase;
			buildActionMask = 2147483647;
			files = (
				A9D423CD29DECBE400810A6A /* Preview Assets.xcassets in Resources */,
				A9D423CA29DECBE400810A6A /* Assets.xcassets in Resources */,
			);
			runOnlyForDeploymentPostprocessing = 0;
		};
		A9D423D529DECBE400810A6A /* Resources */ = {
			isa = PBXResourcesBuildPhase;
			buildActionMask = 2147483647;
			files = (
			);
			runOnlyForDeploymentPostprocessing = 0;
		};
		A9D423DF29DECBE400810A6A /* Resources */ = {
			isa = PBXResourcesBuildPhase;
			buildActionMask = 2147483647;
			files = (
			);
			runOnlyForDeploymentPostprocessing = 0;
		};
/* End PBXResourcesBuildPhase section */

/* Begin PBXSourcesBuildPhase section */
		A9D423BE29DECBE300810A6A /* Sources */ = {
			isa = PBXSourcesBuildPhase;
			buildActionMask = 2147483647;
			files = (
				A9D423FD29DF1F4600810A6A /* WaterView.swift in Sources */,
				A9D423F729DEE0DA00810A6A /* RingView.swift in Sources */,
				A9D423FF29DF261400810A6A /* AddView.swift in Sources */,
				A9D423FB29DF15D300810A6A /* FoodCard.swift in Sources */,
				A9D423F529DED0DB00810A6A /* CaloriesDataModel.swift in Sources */,
				A9D423C829DECBE300810A6A /* ContentView.swift in Sources */,
				A9D423C629DECBE300810A6A /* CaloriesAppApp.swift in Sources */,
				A9D423F929DF091C00810A6A /* TabView.swift in Sources */,
				A9D423D229DECBE400810A6A /* CaloriesApp.xcdatamodeld in Sources */,
			);
			runOnlyForDeploymentPostprocessing = 0;
		};
		A9D423D329DECBE400810A6A /* Sources */ = {
			isa = PBXSourcesBuildPhase;
			buildActionMask = 2147483647;
			files = (
				A9D423DC29DECBE400810A6A /* CaloriesAppTests.swift in Sources */,
			);
			runOnlyForDeploymentPostprocessing = 0;
		};
		A9D423DD29DECBE400810A6A /* Sources */ = {
			isa = PBXSourcesBuildPhase;
			buildActionMask = 2147483647;
			files = (
				A9D423E829DECBE400810A6A /* CaloriesAppUITestsLaunchTests.swift in Sources */,
				A9D423E629DECBE400810A6A /* CaloriesAppUITests.swift in Sources */,
			);
			runOnlyForDeploymentPostprocessing = 0;
		};
/* End PBXSourcesBuildPhase section */

/* Begin PBXTargetDependency section */
		A9D423D929DECBE400810A6A /* PBXTargetDependency */ = {
			isa = PBXTargetDependency;
			target = A9D423C129DECBE300810A6A /* CaloriesApp */;
			targetProxy = A9D423D829DECBE400810A6A /* PBXContainerItemProxy */;
		};
		A9D423E329DECBE400810A6A /* PBXTargetDependency */ = {
			isa = PBXTargetDependency;
			target = A9D423C129DECBE300810A6A /* CaloriesApp */;
			targetProxy = A9D423E229DECBE400810A6A /* PBXContainerItemProxy */;
		};
/* End PBXTargetDependency section */

/* Begin XCBuildConfiguration section */
		A9D423E929DECBE400810A6A /* Debug */ = {
			isa = XCBuildConfiguration;
			buildSettings = {
				ALWAYS_SEARCH_USER_PATHS = NO;
				CLANG_ANALYZER_NONNULL = YES;
				CLANG_ANALYZER_NUMBER_OBJECT_CONVERSION = YES_AGGRESSIVE;
				CLANG_CXX_LANGUAGE_STANDARD = "gnu++17";
				CLANG_ENABLE_MODULES = YES;
				CLANG_ENABLE_OBJC_ARC = YES;
				CLANG_ENABLE_OBJC_WEAK = YES;
				CLANG_WARN_BLOCK_CAPTURE_AUTORELEASING = YES;
				CLANG_WARN_BOOL_CONVERSION = YES;
				CLANG_WARN_COMMA = YES;
				CLANG_WARN_CONSTANT_CONVERSION = YES;
				CLANG_WARN_DEPRECATED_OBJC_IMPLEMENTATIONS = YES;
				CLANG_WARN_DIRECT_OBJC_ISA_USAGE = YES_ERROR;
				CLANG_WARN_DOCUMENTATION_COMMENTS = YES;
				CLANG_WARN_EMPTY_BODY = YES;
				CLANG_WARN_ENUM_CONVERSION = YES;
				CLANG_WARN_INFINITE_RECURSION = YES;
				CLANG_WARN_INT_CONVERSION = YES;
				CLANG_WARN_NON_LITERAL_NULL_CONVERSION = YES;
				CLANG_WARN_OBJC_IMPLICIT_RETAIN_SELF = YES;
				CLANG_WARN_OBJC_LITERAL_CONVERSION = YES;
				CLANG_WARN_OBJC_ROOT_CLASS = YES_ERROR;
				CLANG_WARN_QUOTED_INCLUDE_IN_FRAMEWORK_HEADER = YES;
				CLANG_WARN_RANGE_LOOP_ANALYSIS = YES;
				CLANG_WARN_STRICT_PROTOTYPES = YES;
				CLANG_WARN_SUSPICIOUS_MOVE = YES;
				CLANG_WARN_UNGUARDED_AVAILABILITY = YES_AGGRESSIVE;
				CLANG_WARN_UNREACHABLE_CODE = YES;
				CLANG_WARN__DUPLICATE_METHOD_MATCH = YES;
				COPY_PHASE_STRIP = NO;
				DEBUG_INFORMATION_FORMAT = dwarf;
				ENABLE_STRICT_OBJC_MSGSEND = YES;
				ENABLE_TESTABILITY = YES;
				GCC_C_LANGUAGE_STANDARD = gnu11;
				GCC_DYNAMIC_NO_PIC = NO;
				GCC_NO_COMMON_BLOCKS = YES;
				GCC_OPTIMIZATION_LEVEL = 0;
				GCC_PREPROCESSOR_DEFINITIONS = (
					"DEBUG=1",
					"$(inherited)",
				);
				GCC_WARN_64_TO_32_BIT_CONVERSION = YES;
				GCC_WARN_ABOUT_RETURN_TYPE = YES_ERROR;
				GCC_WARN_UNDECLARED_SELECTOR = YES;
				GCC_WARN_UNINITIALIZED_AUTOS = YES_AGGRESSIVE;
				GCC_WARN_UNUSED_FUNCTION = YES;
				GCC_WARN_UNUSED_VARIABLE = YES;
				IPHONEOS_DEPLOYMENT_TARGET = 15.5;
				MTL_ENABLE_DEBUG_INFO = INCLUDE_SOURCE;
				MTL_FAST_MATH = YES;
				ONLY_ACTIVE_ARCH = YES;
				SDKROOT = iphoneos;
				SWIFT_ACTIVE_COMPILATION_CONDITIONS = DEBUG;
				SWIFT_OPTIMIZATION_LEVEL = "-Onone";
			};
			name = Debug;
		};
		A9D423EA29DECBE400810A6A /* Release */ = {
			isa = XCBuildConfiguration;
			buildSettings = {
				ALWAYS_SEARCH_USER_PATHS = NO;
				CLANG_ANALYZER_NONNULL = YES;
				CLANG_ANALYZER_NUMBER_OBJECT_CONVERSION = YES_AGGRESSIVE;
				CLANG_CXX_LANGUAGE_STANDARD = "gnu++17";
				CLANG_ENABLE_MODULES = YES;
				CLANG_ENABLE_OBJC_ARC = YES;
				CLANG_ENABLE_OBJC_WEAK = YES;
				CLANG_WARN_BLOCK_CAPTURE_AUTORELEASING = YES;
				CLANG_WARN_BOOL_CONVERSION = YES;
				CLANG_WARN_COMMA = YES;
				CLANG_WARN_CONSTANT_CONVERSION = YES;
				CLANG_WARN_DEPRECATED_OBJC_IMPLEMENTATIONS = YES;
				CLANG_WARN_DIRECT_OBJC_ISA_USAGE = YES_ERROR;
				CLANG_WARN_DOCUMENTATION_COMMENTS = YES;
				CLANG_WARN_EMPTY_BODY = YES;
				CLANG_WARN_ENUM_CONVERSION = YES;
				CLANG_WARN_INFINITE_RECURSION = YES;
				CLANG_WARN_INT_CONVERSION = YES;
				CLANG_WARN_NON_LITERAL_NULL_CONVERSION = YES;
				CLANG_WARN_OBJC_IMPLICIT_RETAIN_SELF = YES;
				CLANG_WARN_OBJC_LITERAL_CONVERSION = YES;
				CLANG_WARN_OBJC_ROOT_CLASS = YES_ERROR;
				CLANG_WARN_QUOTED_INCLUDE_IN_FRAMEWORK_HEADER = YES;
				CLANG_WARN_RANGE_LOOP_ANALYSIS = YES;
				CLANG_WARN_STRICT_PROTOTYPES = YES;
				CLANG_WARN_SUSPICIOUS_MOVE = YES;
				CLANG_WARN_UNGUARDED_AVAILABILITY = YES_AGGRESSIVE;
				CLANG_WARN_UNREACHABLE_CODE = YES;
				CLANG_WARN__DUPLICATE_METHOD_MATCH = YES;
				COPY_PHASE_STRIP = NO;
				DEBUG_INFORMATION_FORMAT = "dwarf-with-dsym";
				ENABLE_NS_ASSERTIONS = NO;
				ENABLE_STRICT_OBJC_MSGSEND = YES;
				GCC_C_LANGUAGE_STANDARD = gnu11;
				GCC_NO_COMMON_BLOCKS = YES;
				GCC_WARN_64_TO_32_BIT_CONVERSION = YES;
				GCC_WARN_ABOUT_RETURN_TYPE = YES_ERROR;
				GCC_WARN_UNDECLARED_SELECTOR = YES;
				GCC_WARN_UNINITIALIZED_AUTOS = YES_AGGRESSIVE;
				GCC_WARN_UNUSED_FUNCTION = YES;
				GCC_WARN_UNUSED_VARIABLE = YES;
				IPHONEOS_DEPLOYMENT_TARGET = 15.5;
				MTL_ENABLE_DEBUG_INFO = NO;
				MTL_FAST_MATH = YES;
				SDKROOT = iphoneos;
				SWIFT_COMPILATION_MODE = wholemodule;
				SWIFT_OPTIMIZATION_LEVEL = "-O";
				VALIDATE_PRODUCT = YES;
			};
			name = Release;
		};
		A9D423EC29DECBE400810A6A /* Debug */ = {
			isa = XCBuildConfiguration;
			buildSettings = {
				ASSETCATALOG_COMPILER_APPICON_NAME = AppIcon;
				ASSETCATALOG_COMPILER_GLOBAL_ACCENT_COLOR_NAME = AccentColor;
				CODE_SIGN_STYLE = Automatic;
				CURRENT_PROJECT_VERSION = 1;
				DEVELOPMENT_ASSET_PATHS = "\"CaloriesApp/Preview Content\"";
				ENABLE_PREVIEWS = YES;
				GENERATE_INFOPLIST_FILE = YES;
				INFOPLIST_KEY_UIApplicationSceneManifest_Generation = YES;
				INFOPLIST_KEY_UIApplicationSupportsIndirectInputEvents = YES;
				INFOPLIST_KEY_UILaunchScreen_Generation = YES;
				INFOPLIST_KEY_UISupportedInterfaceOrientations_iPad = "UIInterfaceOrientationPortrait UIInterfaceOrientationPortraitUpsideDown UIInterfaceOrientationLandscapeLeft UIInterfaceOrientationLandscapeRight";
				INFOPLIST_KEY_UISupportedInterfaceOrientations_iPhone = "UIInterfaceOrientationPortrait UIInterfaceOrientationLandscapeLeft UIInterfaceOrientationLandscapeRight";
				LD_RUNPATH_SEARCH_PATHS = (
					"$(inherited)",
					"@executable_path/Frameworks",
				);
				MARKETING_VERSION = 1.0;
				PRODUCT_BUNDLE_IDENTIFIER = com.capgemini.CaloriesApp;
				PRODUCT_NAME = "$(TARGET_NAME)";
				SWIFT_EMIT_LOC_STRINGS = YES;
				SWIFT_VERSION = 5.0;
				TARGETED_DEVICE_FAMILY = "1,2";
			};
			name = Debug;
		};
		A9D423ED29DECBE400810A6A /* Release */ = {
			isa = XCBuildConfiguration;
			buildSettings = {
				ASSETCATALOG_COMPILER_APPICON_NAME = AppIcon;
				ASSETCATALOG_COMPILER_GLOBAL_ACCENT_COLOR_NAME = AccentColor;
				CODE_SIGN_STYLE = Automatic;
				CURRENT_PROJECT_VERSION = 1;
				DEVELOPMENT_ASSET_PATHS = "\"CaloriesApp/Preview Content\"";
				ENABLE_PREVIEWS = YES;
				GENERATE_INFOPLIST_FILE = YES;
				INFOPLIST_KEY_UIApplicationSceneManifest_Generation = YES;
				INFOPLIST_KEY_UIApplicationSupportsIndirectInputEvents = YES;
				INFOPLIST_KEY_UILaunchScreen_Generation = YES;
				INFOPLIST_KEY_UISupportedInterfaceOrientations_iPad = "UIInterfaceOrientationPortrait UIInterfaceOrientationPortraitUpsideDown UIInterfaceOrientationLandscapeLeft UIInterfaceOrientationLandscapeRight";
				INFOPLIST_KEY_UISupportedInterfaceOrientations_iPhone = "UIInterfaceOrientationPortrait UIInterfaceOrientationLandscapeLeft UIInterfaceOrientationLandscapeRight";
				LD_RUNPATH_SEARCH_PATHS = (
					"$(inherited)",
					"@executable_path/Frameworks",
				);
				MARKETING_VERSION = 1.0;
				PRODUCT_BUNDLE_IDENTIFIER = com.capgemini.CaloriesApp;
				PRODUCT_NAME = "$(TARGET_NAME)";
				SWIFT_EMIT_LOC_STRINGS = YES;
				SWIFT_VERSION = 5.0;
				TARGETED_DEVICE_FAMILY = "1,2";
			};
			name = Release;
		};
		A9D423EF29DECBE400810A6A /* Debug */ = {
			isa = XCBuildConfiguration;
			buildSettings = {
				ALWAYS_EMBED_SWIFT_STANDARD_LIBRARIES = YES;
				BUNDLE_LOADER = "$(TEST_HOST)";
				CODE_SIGN_STYLE = Automatic;
				CURRENT_PROJECT_VERSION = 1;
				GENERATE_INFOPLIST_FILE = YES;
				IPHONEOS_DEPLOYMENT_TARGET = 15.5;
				MARKETING_VERSION = 1.0;
				PRODUCT_BUNDLE_IDENTIFIER = com.capgemini.CaloriesAppTests;
				PRODUCT_NAME = "$(TARGET_NAME)";
				SWIFT_EMIT_LOC_STRINGS = NO;
				SWIFT_VERSION = 5.0;
				TARGETED_DEVICE_FAMILY = "1,2";
				TEST_HOST = "$(BUILT_PRODUCTS_DIR)/CaloriesApp.app/CaloriesApp";
			};
			name = Debug;
		};
		A9D423F029DECBE400810A6A /* Release */ = {
			isa = XCBuildConfiguration;
			buildSettings = {
				ALWAYS_EMBED_SWIFT_STANDARD_LIBRARIES = YES;
				BUNDLE_LOADER = "$(TEST_HOST)";
				CODE_SIGN_STYLE = Automatic;
				CURRENT_PROJECT_VERSION = 1;
				GENERATE_INFOPLIST_FILE = YES;
				IPHONEOS_DEPLOYMENT_TARGET = 15.5;
				MARKETING_VERSION = 1.0;
				PRODUCT_BUNDLE_IDENTIFIER = com.capgemini.CaloriesAppTests;
				PRODUCT_NAME = "$(TARGET_NAME)";
				SWIFT_EMIT_LOC_STRINGS = NO;
				SWIFT_VERSION = 5.0;
				TARGETED_DEVICE_FAMILY = "1,2";
				TEST_HOST = "$(BUILT_PRODUCTS_DIR)/CaloriesApp.app/CaloriesApp";
			};
			name = Release;
		};
		A9D423F229DECBE400810A6A /* Debug */ = {
			isa = XCBuildConfiguration;
			buildSettings = {
				ALWAYS_EMBED_SWIFT_STANDARD_LIBRARIES = YES;
				CODE_SIGN_STYLE = Automatic;
				CURRENT_PROJECT_VERSION = 1;
				GENERATE_INFOPLIST_FILE = YES;
				MARKETING_VERSION = 1.0;
				PRODUCT_BUNDLE_IDENTIFIER = com.capgemini.CaloriesAppUITests;
				PRODUCT_NAME = "$(TARGET_NAME)";
				SWIFT_EMIT_LOC_STRINGS = NO;
				SWIFT_VERSION = 5.0;
				TARGETED_DEVICE_FAMILY = "1,2";
				TEST_TARGET_NAME = CaloriesApp;
			};
			name = Debug;
		};
		A9D423F329DECBE400810A6A /* Release */ = {
			isa = XCBuildConfiguration;
			buildSettings = {
				ALWAYS_EMBED_SWIFT_STANDARD_LIBRARIES = YES;
				CODE_SIGN_STYLE = Automatic;
				CURRENT_PROJECT_VERSION = 1;
				GENERATE_INFOPLIST_FILE = YES;
				MARKETING_VERSION = 1.0;
				PRODUCT_BUNDLE_IDENTIFIER = com.capgemini.CaloriesAppUITests;
				PRODUCT_NAME = "$(TARGET_NAME)";
				SWIFT_EMIT_LOC_STRINGS = NO;
				SWIFT_VERSION = 5.0;
				TARGETED_DEVICE_FAMILY = "1,2";
				TEST_TARGET_NAME = CaloriesApp;
			};
			name = Release;
		};
/* End XCBuildConfiguration section */

/* Begin XCConfigurationList section */
		A9D423BD29DECBE300810A6A /* Build configuration list for PBXProject "CaloriesApp" */ = {
			isa = XCConfigurationList;
			buildConfigurations = (
				A9D423E929DECBE400810A6A /* Debug */,
				A9D423EA29DECBE400810A6A /* Release */,
			);
			defaultConfigurationIsVisible = 0;
			defaultConfigurationName = Release;
		};
		A9D423EB29DECBE400810A6A /* Build configuration list for PBXNativeTarget "CaloriesApp" */ = {
			isa = XCConfigurationList;
			buildConfigurations = (
				A9D423EC29DECBE400810A6A /* Debug */,
				A9D423ED29DECBE400810A6A /* Release */,
			);
			defaultConfigurationIsVisible = 0;
			defaultConfigurationName = Release;
		};
		A9D423EE29DECBE400810A6A /* Build configuration list for PBXNativeTarget "CaloriesAppTests" */ = {
			isa = XCConfigurationList;
			buildConfigurations = (
				A9D423EF29DECBE400810A6A /* Debug */,
				A9D423F029DECBE400810A6A /* Release */,
			);
			defaultConfigurationIsVisible = 0;
			defaultConfigurationName = Release;
		};
		A9D423F129DECBE400810A6A /* Build configuration list for PBXNativeTarget "CaloriesAppUITests" */ = {
			isa = XCConfigurationList;
			buildConfigurations = (
				A9D423F229DECBE400810A6A /* Debug */,
				A9D423F329DECBE400810A6A /* Release */,
			);
			defaultConfigurationIsVisible = 0;
			defaultConfigurationName = Release;
		};
/* End XCConfigurationList section */

/* Begin XCVersionGroup section */
		A9D423D029DECBE400810A6A /* CaloriesApp.xcdatamodeld */ = {
			isa = XCVersionGroup;
			children = (
				A9D423D129DECBE400810A6A /* CaloriesApp.xcdatamodel */,
			);
			currentVersion = A9D423D129DECBE400810A6A /* CaloriesApp.xcdatamodel */;
			path = CaloriesApp.xcdatamodeld;
			sourceTree = "<group>";
			versionGroupType = wrapper.xcdatamodel;
		};
/* End XCVersionGroup section */
	};
	rootObject = A9D423BA29DECBE300810A6A /* Project object */;
}
